
Microsoft Visual Studio Solution File, Format Version 12.00
# Visual Studio Version 17
VisualStudioVersion = 17.5.2.0
MinimumVisualStudioVersion = 10.0.40219.1
Project("{FAE04EC0-301F-11D3-BF4B-00C04F79EFBC}") = "PokemonStorageDesktop", "PokemonStorageDesktop\PokemonStorageDesktop.csproj", "{76BE9830-6806-46C4-8343-8578C4CB2C64}"
EndProject
Project("{FAE04EC0-301F-11D3-BF4B-00C04F79EFBC}") = "PokemonStorageLibrary", "PokemonStorageLibrary\PokemonStorageLibrary.csproj", "{E7B562B1-C9E5-4E1B-A00D-7CBED247C388}"
EndProject
Global
	GlobalSection(SolutionConfigurationPlatforms) = preSolution
		Debug|Any CPU = Debug|Any CPU
		Debug|x64 = Debug|x64
		Debug|x86 = Debug|x86
		Release|Any CPU = Release|Any CPU
		Release|x64 = Release|x64
		Release|x86 = Release|x86
	EndGlobalSection
	GlobalSection(ProjectConfigurationPlatforms) = postSolution
		{76BE9830-6806-46C4-8343-8578C4CB2C64}.Debug|Any CPU.ActiveCfg = Debug|Any CPU
		{76BE9830-6806-46C4-8343-8578C4CB2C64}.Debug|Any CPU.Build.0 = Debug|Any CPU
		{76BE9830-6806-46C4-8343-8578C4CB2C64}.Debug|x64.ActiveCfg = Debug|Any CPU
		{76BE9830-6806-46C4-8343-8578C4CB2C64}.Debug|x64.Build.0 = Debug|Any CPU
		{76BE9830-6806-46C4-8343-8578C4CB2C64}.Debug|x86.ActiveCfg = Debug|Any CPU
		{76BE9830-6806-46C4-8343-8578C4CB2C64}.Debug|x86.Build.0 = Debug|Any CPU
		{76BE9830-6806-46C4-8343-8578C4CB2C64}.Release|Any CPU.ActiveCfg = Release|Any CPU
		{76BE9830-6806-46C4-8343-8578C4CB2C64}.Release|Any CPU.Build.0 = Release|Any CPU
		{76BE9830-6806-46C4-8343-8578C4CB2C64}.Release|x64.ActiveCfg = Release|Any CPU
		{76BE9830-6806-46C4-8343-8578C4CB2C64}.Release|x64.Build.0 = Release|Any CPU
		{76BE9830-6806-46C4-8343-8578C4CB2C64}.Release|x86.ActiveCfg = Release|Any CPU
		{76BE9830-6806-46C4-8343-8578C4CB2C64}.Release|x86.Build.0 = Release|Any CPU
		{E7B562B1-C9E5-4E1B-A00D-7CBED247C388}.Debug|Any CPU.ActiveCfg = Debug|Any CPU
		{E7B562B1-C9E5-4E1B-A00D-7CBED247C388}.Debug|Any CPU.Build.0 = Debug|Any CPU
		{E7B562B1-C9E5-4E1B-A00D-7CBED247C388}.Debug|x64.ActiveCfg = Debug|Any CPU
		{E7B562B1-C9E5-4E1B-A00D-7CBED247C388}.Debug|x64.Build.0 = Debug|Any CPU
		{E7B562B1-C9E5-4E1B-A00D-7CBED247C388}.Debug|x86.ActiveCfg = Debug|Any CPU
		{E7B562B1-C9E5-4E1B-A00D-7CBED247C388}.Debug|x86.Build.0 = Debug|Any CPU
		{E7B562B1-C9E5-4E1B-A00D-7CBED247C388}.Release|Any CPU.ActiveCfg = Release|Any CPU
		{E7B562B1-C9E5-4E1B-A00D-7CBED247C388}.Release|Any CPU.Build.0 = Release|Any CPU
		{E7B562B1-C9E5-4E1B-A00D-7CBED247C388}.Release|x64.ActiveCfg = Release|Any CPU
		{E7B562B1-C9E5-4E1B-A00D-7CBED247C388}.Release|x64.Build.0 = Release|Any CPU
		{E7B562B1-C9E5-4E1B-A00D-7CBED247C388}.Release|x86.ActiveCfg = Release|Any CPU
		{E7B562B1-C9E5-4E1B-A00D-7CBED247C388}.Release|x86.Build.0 = Release|Any CPU
	EndGlobalSection
	GlobalSection(SolutionProperties) = preSolution
		HideSolutionNode = FALSE
	EndGlobalSection
	GlobalSection(ExtensibilityGlobals) = postSolution
		SolutionGuid = {08440960-910C-4774-866B-5F0D79F320DB}
	EndGlobalSection
EndGlobal
